{
  "name": "dig",
  "version": "1.0.0",
  "dependencies": {
    "express": {
      "version": "4.0.0",
      "from": "express@~4.0.0",
      "dependencies": {
        "parseurl": {
          "version": "1.0.1",
          "from": "parseurl@1.0.1"
        },
        "accepts": {
          "version": "1.0.0",
          "from": "accepts@1.0.0",
          "dependencies": {
            "mime": {
              "version": "1.2.11",
              "from": "mime@~1.2.9"
            },
            "negotiator": {
              "version": "0.3.0",
              "from": "negotiator@~0.3.0"
            }
          }
        },
        "type-is": {
          "version": "1.0.0",
          "from": "type-is@1.0.0",
          "dependencies": {
            "mime": {
              "version": "1.2.11",
              "from": "mime@~1.2.9"
            }
          }
        },
        "range-parser": {
          "version": "1.0.0",
          "from": "range-parser@1.0.0"
        },
        "cookie": {
          "version": "0.1.0",
          "from": "cookie@0.1.0",
          "resolved": "https://registry.npmjs.org/cookie/-/cookie-0.1.0.tgz"
        },
        "buffer-crc32": {
          "version": "0.2.1",
          "from": "buffer-crc32@0.2.1"
        },
        "fresh": {
          "version": "0.2.2",
          "from": "fresh@0.2.2"
        },
        "methods": {
          "version": "0.1.0",
          "from": "methods@0.1.0",
          "resolved": "https://registry.npmjs.org/methods/-/methods-0.1.0.tgz"
        },
        "send": {
          "version": "0.2.0",
          "from": "send@0.2.0",
          "dependencies": {
            "mime": {
              "version": "1.2.11",
              "from": "mime@~1.2.9"
            }
          }
        },
        "cookie-signature": {
          "version": "1.0.3",
          "from": "cookie-signature@1.0.3"
        },
        "merge-descriptors": {
          "version": "0.0.2",
          "from": "merge-descriptors@0.0.2"
        },
        "utils-merge": {
          "version": "1.0.0",
          "from": "utils-merge@1.0.0"
        },
        "escape-html": {
          "version": "1.0.1",
          "from": "escape-html@1.0.1",
          "resolved": "https://registry.npmjs.org/escape-html/-/escape-html-1.0.1.tgz"
        },
        "qs": {
          "version": "0.6.6",
          "from": "qs@0.6.6",
          "resolved": "https://registry.npmjs.org/qs/-/qs-0.6.6.tgz"
        },
        "serve-static": {
          "version": "1.0.1",
          "from": "serve-static@1.0.1",
          "dependencies": {
            "send": {
              "version": "0.1.4",
              "from": "send@0.1.4",
              "dependencies": {
                "mime": {
                  "version": "1.2.11",
                  "from": "mime@~1.2.9"
                },
                "fresh": {
                  "version": "0.2.0",
                  "from": "fresh@0.2.0"
                },
                "range-parser": {
                  "version": "0.0.4",
                  "from": "range-parser@0.0.4"
                }
              }
            }
          }
        },
        "path-to-regexp": {
          "version": "0.1.2",
          "from": "path-to-regexp@0.1.2"
        },
        "debug": {
          "version": "0.8.1",
          "from": "debug@>= 0.7.3 < 1",
          "resolved": "https://registry.npmjs.org/debug/-/debug-0.8.1.tgz"
        }
      }
    },
    "morgan": {
      "version": "1.0.1",
      "from": "morgan@~1.0.0",
      "dependencies": {
        "bytes": {
          "version": "0.3.0",
          "from": "bytes@0.3.0",
          "resolved": "https://registry.npmjs.org/bytes/-/bytes-0.3.0.tgz"
        }
      }
    },
    "body-parser": {
      "version": "1.5.2",
      "from": "body-parser@~1.5.0",
      "dependencies": {
        "bytes": {
          "version": "1.0.0",
          "from": "bytes@1.0.0",
          "resolved": "https://registry.npmjs.org/bytes/-/bytes-1.0.0.tgz"
        },
        "depd": {
          "version": "0.4.4",
          "from": "depd@0.4.4",
          "resolved": "https://registry.npmjs.org/depd/-/depd-0.4.4.tgz"
        },
        "iconv-lite": {
          "version": "0.4.4",
          "from": "iconv-lite@0.4.4",
          "resolved": "https://registry.npmjs.org/iconv-lite/-/iconv-lite-0.4.4.tgz"
        },
        "media-typer": {
          "version": "0.2.0",
          "from": "media-typer@0.2.0"
        },
        "qs": {
          "version": "0.6.6",
          "from": "qs@0.6.6",
          "resolved": "https://registry.npmjs.org/qs/-/qs-0.6.6.tgz"
        },
        "raw-body": {
          "version": "1.3.0",
          "from": "raw-body@1.3.0",
          "resolved": "https://registry.npmjs.org/raw-body/-/raw-body-1.3.0.tgz"
        },
        "type-is": {
          "version": "1.3.2",
          "from": "type-is@~1.3.2",
          "dependencies": {
            "mime-types": {
              "version": "1.0.2",
              "from": "mime-types@~1.0.1"
            }
          }
        }
      }
    },
    "method-override": {
      "version": "1.0.2",
      "from": "method-override@~1.0.0",
      "dependencies": {
        "methods": {
          "version": "1.0.0",
          "from": "methods@1.0.0",
          "resolved": "https://registry.npmjs.org/methods/-/methods-1.0.0.tgz"
        }
      }
    },
    "serve-favicon": {
      "version": "2.0.1",
      "from": "serve-favicon@~2.0.1",
      "dependencies": {
        "fresh": {
          "version": "0.2.2",
          "from": "fresh@0.2.2"
        }
      }
    },
    "cookie-parser": {
      "version": "1.0.1",
      "from": "cookie-parser@~1.0.1",
      "dependencies": {
        "cookie": {
          "version": "0.1.0",
          "from": "cookie@0.1.0",
          "resolved": "https://registry.npmjs.org/cookie/-/cookie-0.1.0.tgz"
        },
        "cookie-signature": {
          "version": "1.0.3",
          "from": "cookie-signature@1.0.3"
        }
      }
    },
    "express-session": {
      "version": "1.0.4",
      "from": "express-session@~1.0.2",
      "dependencies": {
        "utils-merge": {
          "version": "1.0.0",
          "from": "utils-merge@1.0.0"
        },
        "cookie": {
          "version": "0.1.2",
          "from": "cookie@0.1.2",
          "resolved": "https://registry.npmjs.org/cookie/-/cookie-0.1.2.tgz"
        },
        "cookie-signature": {
          "version": "1.0.3",
          "from": "cookie-signature@1.0.3"
        },
        "uid2": {
          "version": "0.0.3",
          "from": "uid2@0.0.3"
        },
        "buffer-crc32": {
          "version": "0.2.1",
          "from": "buffer-crc32@0.2.1"
        },
        "debug": {
          "version": "0.8.1",
          "from": "debug@0.8.1",
          "resolved": "https://registry.npmjs.org/debug/-/debug-0.8.1.tgz"
        }
      }
    },
    "errorhandler": {
      "version": "1.0.2",
      "from": "errorhandler@~1.0.0"
    },
    "compression": {
      "version": "1.0.11",
      "from": "compression@~1.0.1",
      "dependencies": {
        "accepts": {
          "version": "1.0.7",
          "from": "accepts@~1.0.7",
          "dependencies": {
            "mime-types": {
              "version": "1.0.2",
              "from": "mime-types@~1.0.0"
            },
            "negotiator": {
              "version": "0.4.7",
              "from": "negotiator@0.4.7"
            }
          }
        },
        "bytes": {
          "version": "1.0.0",
          "from": "bytes@1.0.0",
          "resolved": "https://registry.npmjs.org/bytes/-/bytes-1.0.0.tgz"
        },
        "compressible": {
          "version": "1.1.1",
          "from": "compressible@~1.1.1"
        },
        "debug": {
          "version": "1.0.4",
          "from": "debug@^1.0.2",
          "resolved": "https://registry.npmjs.org/debug/-/debug-1.0.4.tgz",
          "dependencies": {
            "ms": {
              "version": "0.6.2",
              "from": "ms@0.6.2"
            }
          }
        },
        "on-headers": {
          "version": "1.0.0",
          "from": "on-headers@~1.0.0"
        },
        "vary": {
          "version": "1.0.0",
          "from": "vary@~1.0.0"
        }
      }
    },
    "lodash": {
      "version": "2.4.1",
      "from": "lodash@~2.4.1"
    },
    "ejs": {
      "version": "0.8.8",
      "from": "ejs@~0.8.4"
    },
    "composable-middleware": {
      "version": "0.3.0",
      "from": "composable-middleware@^0.3.0"
    },
    "socket.io": {
      "version": "1.3.5",
      "from": "socket.io@^1.0.6",
      "dependencies": {
        "engine.io": {
          "version": "1.5.1",
          "from": "engine.io@1.5.1",
          "dependencies": {
            "debug": {
              "version": "1.0.3",
              "from": "debug@1.0.3",
              "resolved": "https://registry.npmjs.org/debug/-/debug-1.0.3.tgz",
              "dependencies": {
                "ms": {
                  "version": "0.6.2",
                  "from": "ms@0.6.2"
                }
              }
            },
            "ws": {
              "version": "0.5.0",
              "from": "ws@0.5.0",
              "resolved": "https://registry.npmjs.org/ws/-/ws-0.5.0.tgz",
              "dependencies": {
                "nan": {
                  "version": "1.4.3",
                  "from": "nan@1.4.x"
                },
                "options": {
                  "version": "0.0.6",
                  "from": "options@>=0.0.5"
                },
                "ultron": {
                  "version": "1.0.1",
                  "from": "ultron@1.0.x"
                }
              }
            },
            "engine.io-parser": {
              "version": "1.2.1",
              "from": "engine.io-parser@1.2.1",
              "dependencies": {
                "after": {
                  "version": "0.8.1",
                  "from": "after@0.8.1"
                },
                "arraybuffer.slice": {
                  "version": "0.0.6",
                  "from": "arraybuffer.slice@0.0.6"
                },
                "base64-arraybuffer": {
                  "version": "0.1.2",
                  "from": "base64-arraybuffer@0.1.2"
                },
                "blob": {
                  "version": "0.0.2",
                  "from": "blob@0.0.2"
                },
                "has-binary": {
                  "version": "0.1.5",
                  "from": "has-binary@0.1.5",
                  "dependencies": {
                    "isarray": {
                      "version": "0.0.1",
                      "from": "isarray@0.0.1"
                    }
                  }
                },
                "utf8": {
                  "version": "2.0.0",
                  "from": "utf8@2.0.0"
                }
              }
            },
            "base64id": {
              "version": "0.1.0",
              "from": "base64id@0.1.0"
            }
          }
        },
        "socket.io-parser": {
          "version": "2.2.4",
          "from": "socket.io-parser@2.2.4",
          "dependencies": {
            "debug": {
              "version": "0.7.4",
              "from": "debug@0.7.4"
            },
            "json3": {
              "version": "3.2.6",
              "from": "json3@3.2.6"
            },
            "component-emitter": {
              "version": "1.1.2",
              "from": "component-emitter@1.1.2"
            },
            "isarray": {
              "version": "0.0.1",
              "from": "isarray@0.0.1"
            },
            "benchmark": {
              "version": "1.0.0",
              "from": "benchmark@1.0.0"
            }
          }
        },
        "socket.io-adapter": {
          "version": "0.3.1",
          "from": "socket.io-adapter@0.3.1",
          "dependencies": {
            "debug": {
              "version": "1.0.2",
              "from": "debug@1.0.2",
              "resolved": "https://registry.npmjs.org/debug/-/debug-1.0.2.tgz",
              "dependencies": {
                "ms": {
                  "version": "0.6.2",
                  "from": "ms@0.6.2"
                }
              }
            },
            "socket.io-parser": {
              "version": "2.2.2",
              "from": "socket.io-parser@2.2.2",
              "dependencies": {
                "debug": {
                  "version": "0.7.4",
                  "from": "debug@0.7.4",
                  "resolved": "https://registry.npmjs.org/debug/-/debug-0.7.4.tgz"
                },
                "json3": {
                  "version": "3.2.6",
                  "from": "json3@3.2.6"
                },
                "component-emitter": {
                  "version": "1.1.2",
                  "from": "component-emitter@1.1.2"
                },
                "isarray": {
                  "version": "0.0.1",
                  "from": "isarray@0.0.1"
                },
                "benchmark": {
                  "version": "1.0.0",
                  "from": "benchmark@^1.0.0",
                  "resolved": "https://registry.npmjs.org/benchmark/-/benchmark-1.0.0.tgz"
                }
              }
            },
            "object-keys": {
              "version": "1.0.1",
              "from": "object-keys@1.0.1"
            }
          }
        },
        "has-binary-data": {
          "version": "0.1.3",
          "from": "has-binary-data@0.1.3",
          "dependencies": {
            "isarray": {
              "version": "0.0.1",
              "from": "isarray@0.0.1"
            }
          }
        },
        "debug": {
          "version": "2.1.0",
          "from": "debug@2.1.0",
          "resolved": "https://registry.npmjs.org/debug/-/debug-2.1.0.tgz",
          "dependencies": {
            "ms": {
              "version": "0.6.2",
              "from": "ms@0.6.2"
            }
          }
        }
      }
    },
    "socket.io-client": {
      "version": "1.3.5",
      "from": "socket.io-client@^1.0.6",
      "dependencies": {
        "debug": {
          "version": "0.7.4",
          "from": "debug@~0.7.0"
        },
        "engine.io-client": {
          "version": "1.5.1",
          "from": "engine.io-client@1.5.1",
          "dependencies": {
            "has-cors": {
              "version": "1.0.3",
              "from": "has-cors@1.0.3",
              "dependencies": {
                "global": {
                  "version": "2.0.1",
                  "from": "https://github.com/component/global/archive/v2.0.1.tar.gz",
                  "resolved": "https://github.com/component/global/archive/v2.0.1.tar.gz"
                }
              }
            },
            "ws": {
              "version": "0.4.31",
              "from": "ws@0.4.31",
              "resolved": "https://registry.npmjs.org/ws/-/ws-0.4.31.tgz",
              "dependencies": {
                "commander": {
                  "version": "0.6.1",
                  "from": "commander@~0.6.1",
                  "resolved": "https://registry.npmjs.org/commander/-/commander-0.6.1.tgz"
                },
                "nan": {
                  "version": "0.3.2",
                  "from": "nan@~0.3.0"
                },
                "tinycolor": {
                  "version": "0.0.1",
                  "from": "tinycolor@0.x"
                },
                "options": {
                  "version": "0.0.6",
                  "from": "options@>=0.0.5"
                }
              }
            },
            "xmlhttprequest": {
              "version": "1.5.0",
              "from": "https://github.com/rase-/node-XMLHttpRequest/archive/a6b6f2.tar.gz",
              "resolved": "https://github.com/rase-/node-XMLHttpRequest/archive/a6b6f2.tar.gz"
            },
            "engine.io-parser": {
              "version": "1.2.1",
              "from": "engine.io-parser@1.2.1",
              "dependencies": {
                "after": {
                  "version": "0.8.1",
                  "from": "after@0.8.1"
                },
                "arraybuffer.slice": {
                  "version": "0.0.6",
                  "from": "arraybuffer.slice@0.0.6"
                },
                "base64-arraybuffer": {
                  "version": "0.1.2",
                  "from": "base64-arraybuffer@0.1.2"
                },
                "blob": {
                  "version": "0.0.2",
                  "from": "blob@0.0.2"
                },
                "has-binary": {
                  "version": "0.1.5",
                  "from": "has-binary@0.1.5",
                  "dependencies": {
                    "isarray": {
                      "version": "0.0.1",
                      "from": "isarray@0.0.1"
                    }
                  }
                },
                "utf8": {
                  "version": "2.0.0",
                  "from": "utf8@2.0.0"
                }
              }
            },
            "debug": {
              "version": "1.0.4",
              "from": "debug@1.0.4",
              "resolved": "https://registry.npmjs.org/debug/-/debug-1.0.4.tgz",
              "dependencies": {
                "ms": {
                  "version": "0.6.2",
                  "from": "ms@0.6.2"
                }
              }
            },
            "parseuri": {
              "version": "0.0.4",
              "from": "parseuri@0.0.4",
              "dependencies": {
                "better-assert": {
                  "version": "1.0.2",
                  "from": "better-assert@~1.0.0",
                  "dependencies": {
                    "callsite": {
                      "version": "1.0.0",
                      "from": "callsite@1.0.0"
                    }
                  }
                }
              }
            },
            "parsejson": {
              "version": "0.0.1",
              "from": "parsejson@0.0.1",
              "dependencies": {
                "better-assert": {
                  "version": "1.0.2",
                  "from": "better-assert@~1.0.0",
                  "dependencies": {
                    "callsite": {
                      "version": "1.0.0",
                      "from": "callsite@1.0.0"
                    }
                  }
                }
              }
            },
            "parseqs": {
              "version": "0.0.2",
              "from": "parseqs@0.0.2",
              "dependencies": {
                "better-assert": {
                  "version": "1.0.2",
                  "from": "better-assert@~1.0.0",
                  "dependencies": {
                    "callsite": {
                      "version": "1.0.0",
                      "from": "callsite@1.0.0"
                    }
                  }
                }
              }
            },
            "component-inherit": {
              "version": "0.0.3",
              "from": "component-inherit@0.0.3"
            }
          }
        },
        "component-bind": {
          "version": "1.0.0",
          "from": "component-bind@1.0.0"
        },
        "component-emitter": {
          "version": "1.1.2",
          "from": "component-emitter@1.1.2"
        },
        "object-component": {
          "version": "0.0.3",
          "from": "object-component@0.0.3"
        },
        "socket.io-parser": {
          "version": "2.2.4",
          "from": "socket.io-parser@2.2.4",
          "dependencies": {
            "json3": {
              "version": "3.2.6",
              "from": "json3@3.2.6"
            },
            "isarray": {
              "version": "0.0.1",
              "from": "isarray@0.0.1"
            },
            "benchmark": {
              "version": "1.0.0",
              "from": "benchmark@^1.0.0",
              "resolved": "https://registry.npmjs.org/benchmark/-/benchmark-1.0.0.tgz"
            }
          }
        },
        "has-binary": {
          "version": "0.1.6",
          "from": "has-binary@0.1.6",
          "dependencies": {
            "isarray": {
              "version": "0.0.1",
              "from": "isarray@0.0.1"
            }
          }
        },
        "indexof": {
          "version": "0.0.1",
          "from": "indexof@0.0.1"
        },
        "parseuri": {
          "version": "0.0.2",
          "from": "parseuri@0.0.2",
          "dependencies": {
            "better-assert": {
              "version": "1.0.2",
              "from": "better-assert@~1.0.0",
              "dependencies": {
                "callsite": {
                  "version": "1.0.0",
                  "from": "callsite@1.0.0"
                }
              }
            }
          }
        },
        "to-array": {
          "version": "0.1.3",
          "from": "to-array@0.1.3"
        },
        "backo2": {
          "version": "1.0.2",
          "from": "backo2@1.0.2"
        }
      }
    },
    "socketio-jwt": {
      "version": "2.3.5",
      "from": "socketio-jwt@^2.0.2",
      "dependencies": {
        "jsonwebtoken": {
          "version": "1.1.2",
          "from": "jsonwebtoken@~1.1.1",
          "dependencies": {
            "jws": {
              "version": "0.2.6",
              "from": "jws@~0.2.6",
              "dependencies": {
                "base64url": {
                  "version": "0.0.6",
                  "from": "base64url@0.0.6"
                },
                "jwa": {
                  "version": "0.0.1",
                  "from": "jwa@0.0.1"
                }
              }
            }
          }
        },
        "xtend": {
          "version": "2.1.2",
          "from": "xtend@~2.1.2",
          "dependencies": {
            "object-keys": {
              "version": "0.4.0",
              "from": "object-keys@~0.4.0"
            }
          }
        }
      }
    }
  }
}
